// !$*UTF8*$!
{
	archiveVersion = 1;
	classes = {
	};
	objectVersion = 51;
	objects = {

/* Begin PBXBuildFile section */
		15839F03237D695200D81C60 /* AppDelegate.swift in Sources */ = {isa = PBXBuildFile; fileRef = 15839F02237D695200D81C60 /* AppDelegate.swift */; };
		15839F05237D695200D81C60 /* SceneDelegate.swift in Sources */ = {isa = PBXBuildFile; fileRef = 15839F04237D695200D81C60 /* SceneDelegate.swift */; };
		15839F07237D695200D81C60 /* ContentView.swift in Sources */ = {isa = PBXBuildFile; fileRef = 15839F06237D695200D81C60 /* ContentView.swift */; };
		15839F09237D695700D81C60 /* Assets.xcassets in Resources */ = {isa = PBXBuildFile; fileRef = 15839F08237D695700D81C60 /* Assets.xcassets */; };
		15839F0C237D695700D81C60 /* Preview Assets.xcassets in Resources */ = {isa = PBXBuildFile; fileRef = 15839F0B237D695700D81C60 /* Preview Assets.xcassets */; };
		15839F0F237D695700D81C60 /* LaunchScreen.storyboard in Resources */ = {isa = PBXBuildFile; fileRef = 15839F0D237D695700D81C60 /* LaunchScreen.storyboard */; };
		15839F1A237D695700D81C60 /* ParstagramTests.swift in Sources */ = {isa = PBXBuildFile; fileRef = 15839F19237D695700D81C60 /* ParstagramTests.swift */; };
		15839F25237D695700D81C60 /* ParstagramUITests.swift in Sources */ = {isa = PBXBuildFile; fileRef = 15839F24237D695700D81C60 /* ParstagramUITests.swift */; };
		15839F33237D7A2F00D81C60 /* Main.storyboard in Resources */ = {isa = PBXBuildFile; fileRef = 15839F32237D7A2F00D81C60 /* Main.storyboard */; };
		15839F35237D7E6100D81C60 /* LoginViewController.swift in Sources */ = {isa = PBXBuildFile; fileRef = 15839F34237D7E6100D81C60 /* LoginViewController.swift */; };
		15839F37237D7E6F00D81C60 /* FeedViewController.swift in Sources */ = {isa = PBXBuildFile; fileRef = 15839F36237D7E6F00D81C60 /* FeedViewController.swift */; };
		15839F39237EAFE800D81C60 /* CameraViewController.swift in Sources */ = {isa = PBXBuildFile; fileRef = 15839F38237EAFE800D81C60 /* CameraViewController.swift */; };
		201C5D7B851012933CBD7801 /* Pods_Parstagram_ParstagramUITests.framework in Frameworks */ = {isa = PBXBuildFile; fileRef = 000761596E68A6EEA8964EE3 /* Pods_Parstagram_ParstagramUITests.framework */; };
		59353B1AD6B0AA28AC58A408 /* Pods_ParstagramTests.framework in Frameworks */ = {isa = PBXBuildFile; fileRef = 59E48A1CDE7B7C8778BAFAE2 /* Pods_ParstagramTests.framework */; };
		BE1CCE47D506DAD33E9D53F1 /* Pods_Parstagram.framework in Frameworks */ = {isa = PBXBuildFile; fileRef = B9EDF7FEE8959D99749A4064 /* Pods_Parstagram.framework */; };
/* End PBXBuildFile section */

/* Begin PBXContainerItemProxy section */
		15839F16237D695700D81C60 /* PBXContainerItemProxy */ = {
			isa = PBXContainerItemProxy;
			containerPortal = 15839EF7237D695100D81C60 /* Project object */;
			proxyType = 1;
			remoteGlobalIDString = 15839EFE237D695200D81C60;
			remoteInfo = Parstagram;
		};
		15839F21237D695700D81C60 /* PBXContainerItemProxy */ = {
			isa = PBXContainerItemProxy;
			containerPortal = 15839EF7237D695100D81C60 /* Project object */;
			proxyType = 1;
			remoteGlobalIDString = 15839EFE237D695200D81C60;
			remoteInfo = Parstagram;
		};
/* End PBXContainerItemProxy section */

/* Begin PBXFileReference section */
		000761596E68A6EEA8964EE3 /* Pods_Parstagram_ParstagramUITests.framework */ = {isa = PBXFileReference; explicitFileType = wrapper.framework; includeInIndex = 0; path = Pods_Parstagram_ParstagramUITests.framework; sourceTree = BUILT_PRODUCTS_DIR; };
		0250446C4594A2D5236136C1 /* Pods-Parstagram-ParstagramUITests.debug.xcconfig */ = {isa = PBXFileReference; includeInIndex = 1; lastKnownFileType = text.xcconfig; name = "Pods-Parstagram-ParstagramUITests.debug.xcconfig"; path = "Target Support Files/Pods-Parstagram-ParstagramUITests/Pods-Parstagram-ParstagramUITests.debug.xcconfig"; sourceTree = "<group>"; };
		15839EFF237D695200D81C60 /* Parstagram.app */ = {isa = PBXFileReference; explicitFileType = wrapper.application; includeInIndex = 0; path = Parstagram.app; sourceTree = BUILT_PRODUCTS_DIR; };
		15839F02237D695200D81C60 /* AppDelegate.swift */ = {isa = PBXFileReference; lastKnownFileType = sourcecode.swift; path = AppDelegate.swift; sourceTree = "<group>"; };
		15839F04237D695200D81C60 /* SceneDelegate.swift */ = {isa = PBXFileReference; lastKnownFileType = sourcecode.swift; path = SceneDelegate.swift; sourceTree = "<group>"; };
		15839F06237D695200D81C60 /* ContentView.swift */ = {isa = PBXFileReference; lastKnownFileType = sourcecode.swift; path = ContentView.swift; sourceTree = "<group>"; };
		15839F08237D695700D81C60 /* Assets.xcassets */ = {isa = PBXFileReference; lastKnownFileType = folder.assetcatalog; path = Assets.xcassets; sourceTree = "<group>"; };
		15839F0B237D695700D81C60 /* Preview Assets.xcassets */ = {isa = PBXFileReference; lastKnownFileType = folder.assetcatalog; path = "Preview Assets.xcassets"; sourceTree = "<group>"; };
		15839F0E237D695700D81C60 /* Base */ = {isa = PBXFileReference; lastKnownFileType = file.storyboard; name = Base; path = Base.lproj/LaunchScreen.storyboard; sourceTree = "<group>"; };
		15839F10237D695700D81C60 /* Info.plist */ = {isa = PBXFileReference; lastKnownFileType = text.plist.xml; path = Info.plist; sourceTree = "<group>"; };
		15839F15237D695700D81C60 /* ParstagramTests.xctest */ = {isa = PBXFileReference; explicitFileType = wrapper.cfbundle; includeInIndex = 0; path = ParstagramTests.xctest; sourceTree = BUILT_PRODUCTS_DIR; };
		15839F19237D695700D81C60 /* ParstagramTests.swift */ = {isa = PBXFileReference; lastKnownFileType = sourcecode.swift; path = ParstagramTests.swift; sourceTree = "<group>"; };
		15839F1B237D695700D81C60 /* Info.plist */ = {isa = PBXFileReference; lastKnownFileType = text.plist.xml; path = Info.plist; sourceTree = "<group>"; };
		15839F20237D695700D81C60 /* ParstagramUITests.xctest */ = {isa = PBXFileReference; explicitFileType = wrapper.cfbundle; includeInIndex = 0; path = ParstagramUITests.xctest; sourceTree = BUILT_PRODUCTS_DIR; };
		15839F24237D695700D81C60 /* ParstagramUITests.swift */ = {isa = PBXFileReference; lastKnownFileType = sourcecode.swift; path = ParstagramUITests.swift; sourceTree = "<group>"; };
		15839F26237D695700D81C60 /* Info.plist */ = {isa = PBXFileReference; lastKnownFileType = text.plist.xml; path = Info.plist; sourceTree = "<group>"; };
		15839F32237D7A2F00D81C60 /* Main.storyboard */ = {isa = PBXFileReference; lastKnownFileType = file.storyboard; path = Main.storyboard; sourceTree = "<group>"; };
		15839F34237D7E6100D81C60 /* LoginViewController.swift */ = {isa = PBXFileReference; lastKnownFileType = sourcecode.swift; path = LoginViewController.swift; sourceTree = "<group>"; };
		15839F36237D7E6F00D81C60 /* FeedViewController.swift */ = {isa = PBXFileReference; lastKnownFileType = sourcecode.swift; path = FeedViewController.swift; sourceTree = "<group>"; };
		15839F38237EAFE800D81C60 /* CameraViewController.swift */ = {isa = PBXFileReference; lastKnownFileType = sourcecode.swift; path = CameraViewController.swift; sourceTree = "<group>"; };
		42D58409DB2285EA50BA7764 /* Pods-Parstagram.debug.xcconfig */ = {isa = PBXFileReference; includeInIndex = 1; lastKnownFileType = text.xcconfig; name = "Pods-Parstagram.debug.xcconfig"; path = "Target Support Files/Pods-Parstagram/Pods-Parstagram.debug.xcconfig"; sourceTree = "<group>"; };
		52527FD12FA54361E22BB3F5 /* Pods-Parstagram.release.xcconfig */ = {isa = PBXFileReference; includeInIndex = 1; lastKnownFileType = text.xcconfig; name = "Pods-Parstagram.release.xcconfig"; path = "Target Support Files/Pods-Parstagram/Pods-Parstagram.release.xcconfig"; sourceTree = "<group>"; };
		59E48A1CDE7B7C8778BAFAE2 /* Pods_ParstagramTests.framework */ = {isa = PBXFileReference; explicitFileType = wrapper.framework; includeInIndex = 0; path = Pods_ParstagramTests.framework; sourceTree = BUILT_PRODUCTS_DIR; };
		8FC1183201F07B5FA126D990 /* Pods-ParstagramTests.debug.xcconfig */ = {isa = PBXFileReference; includeInIndex = 1; lastKnownFileType = text.xcconfig; name = "Pods-ParstagramTests.debug.xcconfig"; path = "Target Support Files/Pods-ParstagramTests/Pods-ParstagramTests.debug.xcconfig"; sourceTree = "<group>"; };
		B7EB8D8A4D46061AEC9C4454 /* Pods-ParstagramTests.release.xcconfig */ = {isa = PBXFileReference; includeInIndex = 1; lastKnownFileType = text.xcconfig; name = "Pods-ParstagramTests.release.xcconfig"; path = "Target Support Files/Pods-ParstagramTests/Pods-ParstagramTests.release.xcconfig"; sourceTree = "<group>"; };
		B9EDF7FEE8959D99749A4064 /* Pods_Parstagram.framework */ = {isa = PBXFileReference; explicitFileType = wrapper.framework; includeInIndex = 0; path = Pods_Parstagram.framework; sourceTree = BUILT_PRODUCTS_DIR; };
		FF69452FB2CC500389D129E4 /* Pods-Parstagram-ParstagramUITests.release.xcconfig */ = {isa = PBXFileReference; includeInIndex = 1; lastKnownFileType = text.xcconfig; name = "Pods-Parstagram-ParstagramUITests.release.xcconfig"; path = "Target Support Files/Pods-Parstagram-ParstagramUITests/Pods-Parstagram-ParstagramUITests.release.xcconfig"; sourceTree = "<group>"; };
/* End PBXFileReference section */

/* Begin PBXFrameworksBuildPhase section */
		15839EFC237D695200D81C60 /* Frameworks */ = {
			isa = PBXFrameworksBuildPhase;
			buildActionMask = 2147483647;
			files = (
				BE1CCE47D506DAD33E9D53F1 /* Pods_Parstagram.framework in Frameworks */,
			);
			runOnlyForDeploymentPostprocessing = 0;
		};
		15839F12237D695700D81C60 /* Frameworks */ = {
			isa = PBXFrameworksBuildPhase;
			buildActionMask = 2147483647;
			files = (
				59353B1AD6B0AA28AC58A408 /* Pods_ParstagramTests.framework in Frameworks */,
			);
			runOnlyForDeploymentPostprocessing = 0;
		};
		15839F1D237D695700D81C60 /* Frameworks */ = {
			isa = PBXFrameworksBuildPhase;
			buildActionMask = 2147483647;
			files = (
				201C5D7B851012933CBD7801 /* Pods_Parstagram_ParstagramUITests.framework in Frameworks */,
			);
			runOnlyForDeploymentPostprocessing = 0;
		};
/* End PBXFrameworksBuildPhase section */

/* Begin PBXGroup section */
		15839EF6237D695100D81C60 = {
			isa = PBXGroup;
			children = (
				15839F01237D695200D81C60 /* Parstagram */,
				15839F18237D695700D81C60 /* ParstagramTests */,
				15839F23237D695700D81C60 /* ParstagramUITests */,
				15839F00237D695200D81C60 /* Products */,
				92B666D2A8F6F6C21EC4EA73 /* Pods */,
				C4A9703132F8D4D4B9C6BE29 /* Frameworks */,
			);
			sourceTree = "<group>";
		};
		15839F00237D695200D81C60 /* Products */ = {
			isa = PBXGroup;
			children = (
				15839EFF237D695200D81C60 /* Parstagram.app */,
				15839F15237D695700D81C60 /* ParstagramTests.xctest */,
				15839F20237D695700D81C60 /* ParstagramUITests.xctest */,
			);
			name = Products;
			sourceTree = "<group>";
		};
		15839F01237D695200D81C60 /* Parstagram */ = {
			isa = PBXGroup;
			children = (
				15839F02237D695200D81C60 /* AppDelegate.swift */,
				15839F04237D695200D81C60 /* SceneDelegate.swift */,
				15839F06237D695200D81C60 /* ContentView.swift */,
				15839F08237D695700D81C60 /* Assets.xcassets */,
				15839F0D237D695700D81C60 /* LaunchScreen.storyboard */,
				15839F10237D695700D81C60 /* Info.plist */,
				15839F0A237D695700D81C60 /* Preview Content */,
				15839F32237D7A2F00D81C60 /* Main.storyboard */,
				15839F34237D7E6100D81C60 /* LoginViewController.swift */,
				15839F36237D7E6F00D81C60 /* FeedViewController.swift */,
				15839F38237EAFE800D81C60 /* CameraViewController.swift */,
			);
			path = Parstagram;
			sourceTree = "<group>";
		};
		15839F0A237D695700D81C60 /* Preview Content */ = {
			isa = PBXGroup;
			children = (
				15839F0B237D695700D81C60 /* Preview Assets.xcassets */,
			);
			path = "Preview Content";
			sourceTree = "<group>";
		};
		15839F18237D695700D81C60 /* ParstagramTests */ = {
			isa = PBXGroup;
			children = (
				15839F19237D695700D81C60 /* ParstagramTests.swift */,
				15839F1B237D695700D81C60 /* Info.plist */,
			);
			path = ParstagramTests;
			sourceTree = "<group>";
		};
		15839F23237D695700D81C60 /* ParstagramUITests */ = {
			isa = PBXGroup;
			children = (
				15839F24237D695700D81C60 /* ParstagramUITests.swift */,
				15839F26237D695700D81C60 /* Info.plist */,
			);
			path = ParstagramUITests;
			sourceTree = "<group>";
		};
		92B666D2A8F6F6C21EC4EA73 /* Pods */ = {
			isa = PBXGroup;
			children = (
				42D58409DB2285EA50BA7764 /* Pods-Parstagram.debug.xcconfig */,
				52527FD12FA54361E22BB3F5 /* Pods-Parstagram.release.xcconfig */,
				0250446C4594A2D5236136C1 /* Pods-Parstagram-ParstagramUITests.debug.xcconfig */,
				FF69452FB2CC500389D129E4 /* Pods-Parstagram-ParstagramUITests.release.xcconfig */,
				8FC1183201F07B5FA126D990 /* Pods-ParstagramTests.debug.xcconfig */,
				B7EB8D8A4D46061AEC9C4454 /* Pods-ParstagramTests.release.xcconfig */,
			);
			path = Pods;
			sourceTree = "<group>";
		};
		C4A9703132F8D4D4B9C6BE29 /* Frameworks */ = {
			isa = PBXGroup;
			children = (
				B9EDF7FEE8959D99749A4064 /* Pods_Parstagram.framework */,
				000761596E68A6EEA8964EE3 /* Pods_Parstagram_ParstagramUITests.framework */,
				59E48A1CDE7B7C8778BAFAE2 /* Pods_ParstagramTests.framework */,
			);
			name = Frameworks;
			sourceTree = "<group>";
		};
/* End PBXGroup section */

/* Begin PBXNativeTarget section */
		15839EFE237D695200D81C60 /* Parstagram */ = {
			isa = PBXNativeTarget;
			buildConfigurationList = 15839F29237D695700D81C60 /* Build configuration list for PBXNativeTarget "Parstagram" */;
			buildPhases = (
				F6CA45DAB1F8FB915023769B /* [CP] Check Pods Manifest.lock */,
				15839EFB237D695200D81C60 /* Sources */,
				15839EFC237D695200D81C60 /* Frameworks */,
				15839EFD237D695200D81C60 /* Resources */,
				B3CFA5076136F4496A97C918 /* [CP] Embed Pods Frameworks */,
			);
			buildRules = (
			);
			dependencies = (
			);
			name = Parstagram;
			productName = Parstagram;
			productReference = 15839EFF237D695200D81C60 /* Parstagram.app */;
			productType = "com.apple.product-type.application";
		};
		15839F14237D695700D81C60 /* ParstagramTests */ = {
			isa = PBXNativeTarget;
			buildConfigurationList = 15839F2C237D695700D81C60 /* Build configuration list for PBXNativeTarget "ParstagramTests" */;
			buildPhases = (
				AD7AA23179BBD5D3D81325BF /* [CP] Check Pods Manifest.lock */,
				15839F11237D695700D81C60 /* Sources */,
				15839F12237D695700D81C60 /* Frameworks */,
				15839F13237D695700D81C60 /* Resources */,
			);
			buildRules = (
			);
			dependencies = (
				15839F17237D695700D81C60 /* PBXTargetDependency */,
			);
			name = ParstagramTests;
			productName = ParstagramTests;
			productReference = 15839F15237D695700D81C60 /* ParstagramTests.xctest */;
			productType = "com.apple.product-type.bundle.unit-test";
		};
		15839F1F237D695700D81C60 /* ParstagramUITests */ = {
			isa = PBXNativeTarget;
			buildConfigurationList = 15839F2F237D695700D81C60 /* Build configuration list for PBXNativeTarget "ParstagramUITests" */;
			buildPhases = (
				00818AEA3362E2F632969144 /* [CP] Check Pods Manifest.lock */,
				15839F1C237D695700D81C60 /* Sources */,
				15839F1D237D695700D81C60 /* Frameworks */,
				15839F1E237D695700D81C60 /* Resources */,
				33C0DFF1F8080BF66995D92F /* [CP] Embed Pods Frameworks */,
			);
			buildRules = (
			);
			dependencies = (
				15839F22237D695700D81C60 /* PBXTargetDependency */,
			);
			name = ParstagramUITests;
			productName = ParstagramUITests;
			productReference = 15839F20237D695700D81C60 /* ParstagramUITests.xctest */;
			productType = "com.apple.product-type.bundle.ui-testing";
		};
/* End PBXNativeTarget section */

/* Begin PBXProject section */
		15839EF7237D695100D81C60 /* Project object */ = {
			isa = PBXProject;
			attributes = {
				LastSwiftUpdateCheck = 1110;
				LastUpgradeCheck = 1110;
				ORGANIZATIONNAME = "kellyvonborstel@gmail.com";
				TargetAttributes = {
					15839EFE237D695200D81C60 = {
						CreatedOnToolsVersion = 11.1;
					};
					15839F14237D695700D81C60 = {
						CreatedOnToolsVersion = 11.1;
						TestTargetID = 15839EFE237D695200D81C60;
					};
					15839F1F237D695700D81C60 = {
						CreatedOnToolsVersion = 11.1;
						TestTargetID = 15839EFE237D695200D81C60;
					};
				};
			};
			buildConfigurationList = 15839EFA237D695100D81C60 /* Build configuration list for PBXProject "Parstagram" */;
			compatibilityVersion = "Xcode 9.3";
			developmentRegion = en;
			hasScannedForEncodings = 0;
			knownRegions = (
				en,
				Base,
			);
			mainGroup = 15839EF6237D695100D81C60;
			productRefGroup = 15839F00237D695200D81C60 /* Products */;
			projectDirPath = "";
			projectRoot = "";
			targets = (
				15839EFE237D695200D81C60 /* Parstagram */,
				15839F14237D695700D81C60 /* ParstagramTests */,
				15839F1F237D695700D81C60 /* ParstagramUITests */,
			);
		};
/* End PBXProject section */

/* Begin PBXResourcesBuildPhase section */
		15839EFD237D695200D81C60 /* Resources */ = {
			isa = PBXResourcesBuildPhase;
			buildActionMask = 2147483647;
			files = (
				15839F0F237D695700D81C60 /* LaunchScreen.storyboard in Resources */,
				15839F0C237D695700D81C60 /* Preview Assets.xcassets in Resources */,
				15839F09237D695700D81C60 /* Assets.xcassets in Resources */,
				15839F33237D7A2F00D81C60 /* Main.storyboard in Resources */,
			);
			runOnlyForDeploymentPostprocessing = 0;
		};
		15839F13237D695700D81C60 /* Resources */ = {
			isa = PBXResourcesBuildPhase;
			buildActionMask = 2147483647;
			files = (
			);
			runOnlyForDeploymentPostprocessing = 0;
		};
		15839F1E237D695700D81C60 /* Resources */ = {
			isa = PBXResourcesBuildPhase;
			buildActionMask = 2147483647;
			files = (
			);
			runOnlyForDeploymentPostprocessing = 0;
		};
/* End PBXResourcesBuildPhase section */

/* Begin PBXShellScriptBuildPhase section */
		00818AEA3362E2F632969144 /* [CP] Check Pods Manifest.lock */ = {
			isa = PBXShellScriptBuildPhase;
			buildActionMask = 2147483647;
			files = (
			);
			inputFileListPaths = (
			);
			inputPaths = (
				"${PODS_PODFILE_DIR_PATH}/Podfile.lock",
				"${PODS_ROOT}/Manifest.lock",
			);
			name = "[CP] Check Pods Manifest.lock";
			outputFileListPaths = (
			);
			outputPaths = (
				"$(DERIVED_FILE_DIR)/Pods-Parstagram-ParstagramUITests-checkManifestLockResult.txt",
			);
			runOnlyForDeploymentPostprocessing = 0;
			shellPath = /bin/sh;
			shellScript = "diff \"${PODS_PODFILE_DIR_PATH}/Podfile.lock\" \"${PODS_ROOT}/Manifest.lock\" > /dev/null\nif [ $? != 0 ] ; then\n    # print error to STDERR\n    echo \"error: The sandbox is not in sync with the Podfile.lock. Run 'pod install' or update your CocoaPods installation.\" >&2\n    exit 1\nfi\n# This output is used by Xcode 'outputs' to avoid re-running this script phase.\necho \"SUCCESS\" > \"${SCRIPT_OUTPUT_FILE_0}\"\n";
			showEnvVarsInLog = 0;
		};
		33C0DFF1F8080BF66995D92F /* [CP] Embed Pods Frameworks */ = {
			isa = PBXShellScriptBuildPhase;
			buildActionMask = 2147483647;
			files = (
			);
			inputFileListPaths = (
				"${PODS_ROOT}/Target Support Files/Pods-Parstagram-ParstagramUITests/Pods-Parstagram-ParstagramUITests-frameworks-${CONFIGURATION}-input-files.xcfilelist",
			);
			name = "[CP] Embed Pods Frameworks";
			outputFileListPaths = (
				"${PODS_ROOT}/Target Support Files/Pods-Parstagram-ParstagramUITests/Pods-Parstagram-ParstagramUITests-frameworks-${CONFIGURATION}-output-files.xcfilelist",
			);
			runOnlyForDeploymentPostprocessing = 0;
			shellPath = /bin/sh;
			shellScript = "\"${PODS_ROOT}/Target Support Files/Pods-Parstagram-ParstagramUITests/Pods-Parstagram-ParstagramUITests-frameworks.sh\"\n";
			showEnvVarsInLog = 0;
		};
		AD7AA23179BBD5D3D81325BF /* [CP] Check Pods Manifest.lock */ = {
			isa = PBXShellScriptBuildPhase;
			buildActionMask = 2147483647;
			files = (
			);
			inputFileListPaths = (
			);
			inputPaths = (
				"${PODS_PODFILE_DIR_PATH}/Podfile.lock",
				"${PODS_ROOT}/Manifest.lock",
			);
			name = "[CP] Check Pods Manifest.lock";
			outputFileListPaths = (
			);
			outputPaths = (
				"$(DERIVED_FILE_DIR)/Pods-ParstagramTests-checkManifestLockResult.txt",
			);
			runOnlyForDeploymentPostprocessing = 0;
			shellPath = /bin/sh;
			shellScript = "diff \"${PODS_PODFILE_DIR_PATH}/Podfile.lock\" \"${PODS_ROOT}/Manifest.lock\" > /dev/null\nif [ $? != 0 ] ; then\n    # print error to STDERR\n    echo \"error: The sandbox is not in sync with the Podfile.lock. Run 'pod install' or update your CocoaPods installation.\" >&2\n    exit 1\nfi\n# This output is used by Xcode 'outputs' to avoid re-running this script phase.\necho \"SUCCESS\" > \"${SCRIPT_OUTPUT_FILE_0}\"\n";
			showEnvVarsInLog = 0;
		};
		B3CFA5076136F4496A97C918 /* [CP] Embed Pods Frameworks */ = {
			isa = PBXShellScriptBuildPhase;
			buildActionMask = 2147483647;
			files = (
			);
			inputFileListPaths = (
				"${PODS_ROOT}/Target Support Files/Pods-Parstagram/Pods-Parstagram-frameworks-${CONFIGURATION}-input-files.xcfilelist",
			);
			name = "[CP] Embed Pods Frameworks";
			outputFileListPaths = (
				"${PODS_ROOT}/Target Support Files/Pods-Parstagram/Pods-Parstagram-frameworks-${CONFIGURATION}-output-files.xcfilelist",
			);
			runOnlyForDeploymentPostprocessing = 0;
			shellPath = /bin/sh;
			shellScript = "\"${PODS_ROOT}/Target Support Files/Pods-Parstagram/Pods-Parstagram-frameworks.sh\"\n";
			showEnvVarsInLog = 0;
		};
		F6CA45DAB1F8FB915023769B /* [CP] Check Pods Manifest.lock */ = {
			isa = PBXShellScriptBuildPhase;
			buildActionMask = 2147483647;
			files = (
			);
			inputFileListPaths = (
			);
			inputPaths = (
				"${PODS_PODFILE_DIR_PATH}/Podfile.lock",
				"${PODS_ROOT}/Manifest.lock",
			);
			name = "[CP] Check Pods Manifest.lock";
			outputFileListPaths = (
			);
			outputPaths = (
				"$(DERIVED_FILE_DIR)/Pods-Parstagram-checkManifestLockResult.txt",
			);
			runOnlyForDeploymentPostprocessing = 0;
			shellPath = /bin/sh;
			shellScript = "diff \"${PODS_PODFILE_DIR_PATH}/Podfile.lock\" \"${PODS_ROOT}/Manifest.lock\" > /dev/null\nif [ $? != 0 ] ; then\n    # print error to STDERR\n    echo \"error: The sandbox is not in sync with the Podfile.lock. Run 'pod install' or update your CocoaPods installation.\" >&2\n    exit 1\nfi\n# This output is used by Xcode 'outputs' to avoid re-running this script phase.\necho \"SUCCESS\" > \"${SCRIPT_OUTPUT_FILE_0}\"\n";
			showEnvVarsInLog = 0;
		};
/* End PBXShellScriptBuildPhase section */

/* Begin PBXSourcesBuildPhase section */
		15839EFB237D695200D81C60 /* Sources */ = {
			isa = PBXSourcesBuildPhase;
			buildActionMask = 2147483647;
			files = (
				15839F35237D7E6100D81C60 /* LoginViewController.swift in Sources */,
				15839F03237D695200D81C60 /* AppDelegate.swift in Sources */,
				15839F37237D7E6F00D81C60 /* FeedViewController.swift in Sources */,
				15839F05237D695200D81C60 /* SceneDelegate.swift in Sources */,
				15839F07237D695200D81C60 /* ContentView.swift in Sources */,
				15839F39237EAFE800D81C60 /* CameraViewController.swift in Sources */,
			);
			runOnlyForDeploymentPostprocessing = 0;
		};
		15839F11237D695700D81C60 /* Sources */ = {
			isa = PBXSourcesBuildPhase;
			buildActionMask = 2147483647;
			files = (
				15839F1A237D695700D81C60 /* ParstagramTests.swift in Sources */,
			);
			runOnlyForDeploymentPostprocessing = 0;
		};
		15839F1C237D695700D81C60 /* Sources */ = {
			isa = PBXSourcesBuildPhase;
			buildActionMask = 2147483647;
			files = (
				15839F25237D695700D81C60 /* ParstagramUITests.swift in Sources */,
			);
			runOnlyForDeploymentPostprocessing = 0;
		};
/* End PBXSourcesBuildPhase section */

/* Begin PBXTargetDependency section */
		15839F17237D695700D81C60 /* PBXTargetDependency */ = {
			isa = PBXTargetDependency;
			target = 15839EFE237D695200D81C60 /* Parstagram */;
			targetProxy = 15839F16237D695700D81C60 /* PBXContainerItemProxy */;
		};
		15839F22237D695700D81C60 /* PBXTargetDependency */ = {
			isa = PBXTargetDependency;
			target = 15839EFE237D695200D81C60 /* Parstagram */;
			targetProxy = 15839F21237D695700D81C60 /* PBXContainerItemProxy */;
		};
/* End PBXTargetDependency section */

/* Begin PBXVariantGroup section */
		15839F0D237D695700D81C60 /* LaunchScreen.storyboard */ = {
			isa = PBXVariantGroup;
			children = (
				15839F0E237D695700D81C60 /* Base */,
			);
			name = LaunchScreen.storyboard;
			sourceTree = "<group>";
		};
/* End PBXVariantGroup section */

/* Begin XCBuildConfiguration section */
		15839F27237D695700D81C60 /* Debug */ = {
			isa = XCBuildConfiguration;
			buildSettings = {
				ALWAYS_SEARCH_USER_PATHS = NO;
				CLANG_ANALYZER_NONNULL = YES;
				CLANG_ANALYZER_NUMBER_OBJECT_CONVERSION = YES_AGGRESSIVE;
				CLANG_CXX_LANGUAGE_STANDARD = "gnu++14";
				CLANG_CXX_LIBRARY = "libc++";
				CLANG_ENABLE_MODULES = YES;
				CLANG_ENABLE_OBJC_ARC = YES;
				CLANG_ENABLE_OBJC_WEAK = YES;
				CLANG_WARN_BLOCK_CAPTURE_AUTORELEASING = YES;
				CLANG_WARN_BOOL_CONVERSION = YES;
				CLANG_WARN_COMMA = YES;
				CLANG_WARN_CONSTANT_CONVERSION = YES;
				CLANG_WARN_DEPRECATED_OBJC_IMPLEMENTATIONS = YES;
				CLANG_WARN_DIRECT_OBJC_ISA_USAGE = YES_ERROR;
				CLANG_WARN_DOCUMENTATION_COMMENTS = YES;
				CLANG_WARN_EMPTY_BODY = YES;
				CLANG_WARN_ENUM_CONVERSION = YES;
				CLANG_WARN_INFINITE_RECURSION = YES;
				CLANG_WARN_INT_CONVERSION = YES;
				CLANG_WARN_NON_LITERAL_NULL_CONVERSION = YES;
				CLANG_WARN_OBJC_IMPLICIT_RETAIN_SELF = YES;
				CLANG_WARN_OBJC_LITERAL_CONVERSION = YES;
				CLANG_WARN_OBJC_ROOT_CLASS = YES_ERROR;
				CLANG_WARN_RANGE_LOOP_ANALYSIS = YES;
				CLANG_WARN_STRICT_PROTOTYPES = YES;
				CLANG_WARN_SUSPICIOUS_MOVE = YES;
				CLANG_WARN_UNGUARDED_AVAILABILITY = YES_AGGRESSIVE;
				CLANG_WARN_UNREACHABLE_CODE = YES;
				CLANG_WARN__DUPLICATE_METHOD_MATCH = YES;
				COPY_PHASE_STRIP = NO;
				DEBUG_INFORMATION_FORMAT = dwarf;
				ENABLE_STRICT_OBJC_MSGSEND = YES;
				ENABLE_TESTABILITY = YES;
				GCC_C_LANGUAGE_STANDARD = gnu11;
				GCC_DYNAMIC_NO_PIC = NO;
				GCC_NO_COMMON_BLOCKS = YES;
				GCC_OPTIMIZATION_LEVEL = 0;
				GCC_PREPROCESSOR_DEFINITIONS = (
					"DEBUG=1",
					"$(inherited)",
				);
				GCC_WARN_64_TO_32_BIT_CONVERSION = YES;
				GCC_WARN_ABOUT_RETURN_TYPE = YES_ERROR;
				GCC_WARN_UNDECLARED_SELECTOR = YES;
				GCC_WARN_UNINITIALIZED_AUTOS = YES_AGGRESSIVE;
				GCC_WARN_UNUSED_FUNCTION = YES;
				GCC_WARN_UNUSED_VARIABLE = YES;
				IPHONEOS_DEPLOYMENT_TARGET = 13.1;
				MTL_ENABLE_DEBUG_INFO = INCLUDE_SOURCE;
				MTL_FAST_MATH = YES;
				ONLY_ACTIVE_ARCH = YES;
				SDKROOT = iphoneos;
				SWIFT_ACTIVE_COMPILATION_CONDITIONS = DEBUG;
				SWIFT_OPTIMIZATION_LEVEL = "-Onone";
			};
			name = Debug;
		};
		15839F28237D695700D81C60 /* Release */ = {
			isa = XCBuildConfiguration;
			buildSettings = {
				ALWAYS_SEARCH_USER_PATHS = NO;
				CLANG_ANALYZER_NONNULL = YES;
				CLANG_ANALYZER_NUMBER_OBJECT_CONVERSION = YES_AGGRESSIVE;
				CLANG_CXX_LANGUAGE_STANDARD = "gnu++14";
				CLANG_CXX_LIBRARY = "libc++";
				CLANG_ENABLE_MODULES = YES;
				CLANG_ENABLE_OBJC_ARC = YES;
				CLANG_ENABLE_OBJC_WEAK = YES;
				CLANG_WARN_BLOCK_CAPTURE_AUTORELEASING = YES;
				CLANG_WARN_BOOL_CONVERSION = YES;
				CLANG_WARN_COMMA = YES;
				CLANG_WARN_CONSTANT_CONVERSION = YES;
				CLANG_WARN_DEPRECATED_OBJC_IMPLEMENTATIONS = YES;
				CLANG_WARN_DIRECT_OBJC_ISA_USAGE = YES_ERROR;
				CLANG_WARN_DOCUMENTATION_COMMENTS = YES;
				CLANG_WARN_EMPTY_BODY = YES;
				CLANG_WARN_ENUM_CONVERSION = YES;
				CLANG_WARN_INFINITE_RECURSION = YES;
				CLANG_WARN_INT_CONVERSION = YES;
				CLANG_WARN_NON_LITERAL_NULL_CONVERSION = YES;
				CLANG_WARN_OBJC_IMPLICIT_RETAIN_SELF = YES;
				CLANG_WARN_OBJC_LITERAL_CONVERSION = YES;
				CLANG_WARN_OBJC_ROOT_CLASS = YES_ERROR;
				CLANG_WARN_RANGE_LOOP_ANALYSIS = YES;
				CLANG_WARN_STRICT_PROTOTYPES = YES;
				CLANG_WARN_SUSPICIOUS_MOVE = YES;
				CLANG_WARN_UNGUARDED_AVAILABILITY = YES_AGGRESSIVE;
				CLANG_WARN_UNREACHABLE_CODE = YES;
				CLANG_WARN__DUPLICATE_METHOD_MATCH = YES;
				COPY_PHASE_STRIP = NO;
				DEBUG_INFORMATION_FORMAT = "dwarf-with-dsym";
				ENABLE_NS_ASSERTIONS = NO;
				ENABLE_STRICT_OBJC_MSGSEND = YES;
				GCC_C_LANGUAGE_STANDARD = gnu11;
				GCC_NO_COMMON_BLOCKS = YES;
				GCC_WARN_64_TO_32_BIT_CONVERSION = YES;
				GCC_WARN_ABOUT_RETURN_TYPE = YES_ERROR;
				GCC_WARN_UNDECLARED_SELECTOR = YES;
				GCC_WARN_UNINITIALIZED_AUTOS = YES_AGGRESSIVE;
				GCC_WARN_UNUSED_FUNCTION = YES;
				GCC_WARN_UNUSED_VARIABLE = YES;
				IPHONEOS_DEPLOYMENT_TARGET = 13.1;
				MTL_ENABLE_DEBUG_INFO = NO;
				MTL_FAST_MATH = YES;
				SDKROOT = iphoneos;
				SWIFT_COMPILATION_MODE = wholemodule;
				SWIFT_OPTIMIZATION_LEVEL = "-O";
				VALIDATE_PRODUCT = YES;
			};
			name = Release;
		};
		15839F2A237D695700D81C60 /* Debug */ = {
			isa = XCBuildConfiguration;
			baseConfigurationReference = 42D58409DB2285EA50BA7764 /* Pods-Parstagram.debug.xcconfig */;
			buildSettings = {
				ASSETCATALOG_COMPILER_APPICON_NAME = AppIcon;
				CODE_SIGN_STYLE = Automatic;
				DEVELOPMENT_ASSET_PATHS = "\"Parstagram/Preview Content\"";
				ENABLE_PREVIEWS = YES;
				INFOPLIST_FILE = Parstagram/Info.plist;
				LD_RUNPATH_SEARCH_PATHS = (
					"$(inherited)",
					"@executable_path/Frameworks",
				);
				PRODUCT_BUNDLE_IDENTIFIER = kellyvonborstel.Parstagram;
				PRODUCT_NAME = "$(TARGET_NAME)";
				SWIFT_VERSION = 5.0;
				TARGETED_DEVICE_FAMILY = "1,2";
			};
			name = Debug;
		};
		15839F2B237D695700D81C60 /* Release */ = {
			isa = XCBuildConfiguration;
			baseConfigurationReference = 52527FD12FA54361E22BB3F5 /* Pods-Parstagram.release.xcconfig */;
			buildSettings = {
				ASSETCATALOG_COMPILER_APPICON_NAME = AppIcon;
				CODE_SIGN_STYLE = Automatic;
				DEVELOPMENT_ASSET_PATHS = "\"Parstagram/Preview Content\"";
				ENABLE_PREVIEWS = YES;
				INFOPLIST_FILE = Parstagram/Info.plist;
				LD_RUNPATH_SEARCH_PATHS = (
					"$(inherited)",
					"@executable_path/Frameworks",
				);
				PRODUCT_BUNDLE_IDENTIFIER = kellyvonborstel.Parstagram;
				PRODUCT_NAME = "$(TARGET_NAME)";
				SWIFT_VERSION = 5.0;
				TARGETED_DEVICE_FAMILY = "1,2";
			};
			name = Release;
		};
		15839F2D237D695700D81C60 /* Debug */ = {
			isa = XCBuildConfiguration;
			baseConfigurationReference = 8FC1183201F07B5FA126D990 /* Pods-ParstagramTests.debug.xcconfig */;
			buildSettings = {
				ALWAYS_EMBED_SWIFT_STANDARD_LIBRARIES = YES;
				BUNDLE_LOADER = "$(TEST_HOST)";
				CODE_SIGN_STYLE = Automatic;
				INFOPLIST_FILE = ParstagramTests/Info.plist;
				IPHONEOS_DEPLOYMENT_TARGET = 13.1;
				LD_RUNPATH_SEARCH_PATHS = (
					"$(inherited)",
					"@executable_path/Frameworks",
					"@loader_path/Frameworks",
				);
				PRODUCT_BUNDLE_IDENTIFIER = kellyvonborstel.ParstagramTests;
				PRODUCT_NAME = "$(TARGET_NAME)";
				SWIFT_VERSION = 5.0;
				TARGETED_DEVICE_FAMILY = "1,2";
				TEST_HOST = "$(BUILT_PRODUCTS_DIR)/Parstagram.app/Parstagram";
			};
			name = Debug;
		};
		15839F2E237D695700D81C60 /* Release */ = {
			isa = XCBuildConfiguration;
			baseConfigurationReference = B7EB8D8A4D46061AEC9C4454 /* Pods-ParstagramTests.release.xcconfig */;
			buildSettings = {
				ALWAYS_EMBED_SWIFT_STANDARD_LIBRARIES = YES;
				BUNDLE_LOADER = "$(TEST_HOST)";
				CODE_SIGN_STYLE = Automatic;
				INFOPLIST_FILE = ParstagramTests/Info.plist;
				IPHONEOS_DEPLOYMENT_TARGET = 13.1;
				LD_RUNPATH_SEARCH_PATHS = (
					"$(inherited)",
					"@executable_path/Frameworks",
					"@loader_path/Frameworks",
				);
				PRODUCT_BUNDLE_IDENTIFIER = kellyvonborstel.ParstagramTests;
				PRODUCT_NAME = "$(TARGET_NAME)";
				SWIFT_VERSION = 5.0;
				TARGETED_DEVICE_FAMILY = "1,2";
				TEST_HOST = "$(BUILT_PRODUCTS_DIR)/Parstagram.app/Parstagram";
			};
			name = Release;
		};
		15839F30237D695700D81C60 /* Debug */ = {
			isa = XCBuildConfiguration;
			baseConfigurationReference = 0250446C4594A2D5236136C1 /* Pods-Parstagram-ParstagramUITests.debug.xcconfig */;
			buildSettings = {
				ALWAYS_EMBED_SWIFT_STANDARD_LIBRARIES = YES;
				CODE_SIGN_STYLE = Automatic;
				INFOPLIST_FILE = ParstagramUITests/Info.plist;
				LD_RUNPATH_SEARCH_PATHS = (
					"$(inherited)",
					"@executable_path/Frameworks",
					"@loader_path/Frameworks",
				);
				PRODUCT_BUNDLE_IDENTIFIER = kellyvonborstel.ParstagramUITests;
				PRODUCT_NAME = "$(TARGET_NAME)";
				SWIFT_VERSION = 5.0;
				TARGETED_DEVICE_FAMILY = "1,2";
				TEST_TARGET_NAME = Parstagram;
			};
			name = Debug;
		};
		15839F31237D695700D81C60 /* Release */ = {
			isa = XCBuildConfiguration;
			baseConfigurationReference = FF69452FB2CC500389D129E4 /* Pods-Parstagram-ParstagramUITests.release.xcconfig */;
			buildSettings = {
				ALWAYS_EMBED_SWIFT_STANDARD_LIBRARIES = YES;
				CODE_SIGN_STYLE = Automatic;
				INFOPLIST_FILE = ParstagramUITests/Info.plist;
				LD_RUNPATH_SEARCH_PATHS = (
					"$(inherited)",
					"@executable_path/Frameworks",
					"@loader_path/Frameworks",
				);
				PRODUCT_BUNDLE_IDENTIFIER = kellyvonborstel.ParstagramUITests;
				PRODUCT_NAME = "$(TARGET_NAME)";
				SWIFT_VERSION = 5.0;
				TARGETED_DEVICE_FAMILY = "1,2";
				TEST_TARGET_NAME = Parstagram;
			};
			name = Release;
		};
/* End XCBuildConfiguration section */

/* Begin XCConfigurationList section */
		15839EFA237D695100D81C60 /* Build configuration list for PBXProject "Parstagram" */ = {
			isa = XCConfigurationList;
			buildConfigurations = (
				15839F27237D695700D81C60 /* Debug */,
				15839F28237D695700D81C60 /* Release */,
			);
			defaultConfigurationIsVisible = 0;
			defaultConfigurationName = Release;
		};
		15839F29237D695700D81C60 /* Build configuration list for PBXNativeTarget "Parstagram" */ = {
			isa = XCConfigurationList;
			buildConfigurations = (
				15839F2A237D695700D81C60 /* Debug */,
				15839F2B237D695700D81C60 /* Release */,
			);
			defaultConfigurationIsVisible = 0;
			defaultConfigurationName = Release;
		};
		15839F2C237D695700D81C60 /* Build configuration list for PBXNativeTarget "ParstagramTests" */ = {
			isa = XCConfigurationList;
			buildConfigurations = (
				15839F2D237D695700D81C60 /* Debug */,
				15839F2E237D695700D81C60 /* Release */,
			);
			defaultConfigurationIsVisible = 0;
			defaultConfigurationName = Release;
		};
		15839F2F237D695700D81C60 /* Build configuration list for PBXNativeTarget "ParstagramUITests" */ = {
			isa = XCConfigurationList;
			buildConfigurations = (
				15839F30237D695700D81C60 /* Debug */,
				15839F31237D695700D81C60 /* Release */,
			);
			defaultConfigurationIsVisible = 0;
			defaultConfigurationName = Release;
		};
/* End XCConfigurationList section */
	};
	rootObject = 15839EF7237D695100D81C60 /* Project object */;
}
